
Microsoft Visual Studio Solution File, Format Version 12.00
# Visual Studio Version 17
VisualStudioVersion = 17.1.32328.378
MinimumVisualStudioVersion = 10.0.40219.1
Project("{FAE04EC0-301F-11D3-BF4B-00C04F79EFBC}") = "NJOCheck", "NJOCheck\NJOCheck.csproj", "{A25D5D8C-DE09-4A8C-A169-AD9E4BB7C70E}"
EndProject
Global
	GlobalSection(SolutionConfigurationPlatforms) = preSolution
		Debug|Any CPU = Debug|Any CPU
		Release|Any CPU = Release|Any CPU
	EndGlobalSection
	GlobalSection(ProjectConfigurationPlatforms) = postSolution
		{A25D5D8C-DE09-4A8C-A169-AD9E4BB7C70E}.Debug|Any CPU.ActiveCfg = Debug|Any CPU
		{A25D5D8C-DE09-4A8C-A169-AD9E4BB7C70E}.Debug|Any CPU.Build.0 = Debug|Any CPU
		{A25D5D8C-DE09-4A8C-A169-AD9E4BB7C70E}.Release|Any CPU.ActiveCfg = Release|Any CPU
		{A25D5D8C-DE09-4A8C-A169-AD9E4BB7C70E}.Release|Any CPU.Build.0 = Release|Any CPU
	EndGlobalSection
	GlobalSection(SolutionProperties) = preSolution
		HideSolutionNode = FALSE
	EndGlobalSection
	GlobalSection(ExtensibilityGlobals) = postSolution
		SolutionGuid = {29680E53-93EB-4982-833A-8E72F90466D5}
	EndGlobalSection
EndGlobal
